// !$*UTF8*$!
{
	archiveVersion = 1;
	classes = {
	};
	objectVersion = 50;
	objects = {

/* Begin PBXBuildFile section */
		D511728024509D220074DBAB /* AppDelegate.swift in Sources */ = {isa = PBXBuildFile; fileRef = D511727F24509D220074DBAB /* AppDelegate.swift */; };
		D511728224509D220074DBAB /* SceneDelegate.swift in Sources */ = {isa = PBXBuildFile; fileRef = D511728124509D220074DBAB /* SceneDelegate.swift */; };
		D511728424509D220074DBAB /* ViewController.swift in Sources */ = {isa = PBXBuildFile; fileRef = D511728324509D220074DBAB /* ViewController.swift */; };
		D511728724509D220074DBAB /* Main.storyboard in Resources */ = {isa = PBXBuildFile; fileRef = D511728524509D220074DBAB /* Main.storyboard */; };
		D511728924509D220074DBAB /* Assets.xcassets in Resources */ = {isa = PBXBuildFile; fileRef = D511728824509D220074DBAB /* Assets.xcassets */; };
		D511728C24509D220074DBAB /* LaunchScreen.storyboard in Resources */ = {isa = PBXBuildFile; fileRef = D511728A24509D220074DBAB /* LaunchScreen.storyboard */; };
		D511729924509FB40074DBAB /* Delm-Medium.otf in Resources */ = {isa = PBXBuildFile; fileRef = D511729724509FB30074DBAB /* Delm-Medium.otf */; };
		D511729A24509FB40074DBAB /* ThirstySoftRegular.otf in Resources */ = {isa = PBXBuildFile; fileRef = D511729824509FB30074DBAB /* ThirstySoftRegular.otf */; };
/* End PBXBuildFile section */

/* Begin PBXFileReference section */
		D511727C24509D220074DBAB /* Instagrid-version8.app */ = {isa = PBXFileReference; explicitFileType = wrapper.application; includeInIndex = 0; path = "Instagrid-version8.app"; sourceTree = BUILT_PRODUCTS_DIR; };
		D511727F24509D220074DBAB /* AppDelegate.swift */ = {isa = PBXFileReference; lastKnownFileType = sourcecode.swift; path = AppDelegate.swift; sourceTree = "<group>"; };
		D511728124509D220074DBAB /* SceneDelegate.swift */ = {isa = PBXFileReference; lastKnownFileType = sourcecode.swift; path = SceneDelegate.swift; sourceTree = "<group>"; };
		D511728324509D220074DBAB /* ViewController.swift */ = {isa = PBXFileReference; lastKnownFileType = sourcecode.swift; path = ViewController.swift; sourceTree = "<group>"; };
		D511728624509D220074DBAB /* Base */ = {isa = PBXFileReference; lastKnownFileType = file.storyboard; name = Base; path = Base.lproj/Main.storyboard; sourceTree = "<group>"; };
		D511728824509D220074DBAB /* Assets.xcassets */ = {isa = PBXFileReference; lastKnownFileType = folder.assetcatalog; path = Assets.xcassets; sourceTree = "<group>"; };
		D511728B24509D220074DBAB /* Base */ = {isa = PBXFileReference; lastKnownFileType = file.storyboard; name = Base; path = Base.lproj/LaunchScreen.storyboard; sourceTree = "<group>"; };
		D511728D24509D220074DBAB /* Info.plist */ = {isa = PBXFileReference; lastKnownFileType = text.plist.xml; path = Info.plist; sourceTree = "<group>"; };
		D511729724509FB30074DBAB /* Delm-Medium.otf */ = {isa = PBXFileReference; lastKnownFileType = file; path = "Delm-Medium.otf"; sourceTree = "<group>"; };
		D511729824509FB30074DBAB /* ThirstySoftRegular.otf */ = {isa = PBXFileReference; lastKnownFileType = file; path = ThirstySoftRegular.otf; sourceTree = "<group>"; };
/* End PBXFileReference section */

/* Begin PBXFrameworksBuildPhase section */
		D511727924509D220074DBAB /* Frameworks */ = {
			isa = PBXFrameworksBuildPhase;
			buildActionMask = 2147483647;
			files = (
			);
			runOnlyForDeploymentPostprocessing = 0;
		};
/* End PBXFrameworksBuildPhase section */

/* Begin PBXGroup section */
		D511727324509D220074DBAB = {
			isa = PBXGroup;
			children = (
				D511729E2450A3A80074DBAB /* Supporting Files */,
				D511729D2450A38F0074DBAB /* Controller */,
				D511729C2450A3650074DBAB /* Model */,
				D511729B2450A33C0074DBAB /* View */,
				D511727E24509D220074DBAB /* Instagrid-version8 */,
				D511727D24509D220074DBAB /* Products */,
			);
			sourceTree = "<group>";
		};
		D511727D24509D220074DBAB /* Products */ = {
			isa = PBXGroup;
			children = (
				D511727C24509D220074DBAB /* Instagrid-version8.app */,
			);
			name = Products;
			sourceTree = "<group>";
		};
		D511727E24509D220074DBAB /* Instagrid-version8 */ = {
			isa = PBXGroup;
			children = (
				D511727F24509D220074DBAB /* AppDelegate.swift */,
				D511728124509D220074DBAB /* SceneDelegate.swift */,
				D511728824509D220074DBAB /* Assets.xcassets */,
				D511728A24509D220074DBAB /* LaunchScreen.storyboard */,
				D511729724509FB30074DBAB /* Delm-Medium.otf */,
				D511729824509FB30074DBAB /* ThirstySoftRegular.otf */,
				D511728D24509D220074DBAB /* Info.plist */,
			);
			path = "Instagrid-version8";
			sourceTree = "<group>";
		};
		D511729B2450A33C0074DBAB /* View */ = {
			isa = PBXGroup;
			children = (
				D511728524509D220074DBAB /* Main.storyboard */,
			);
			path = View;
			sourceTree = "<group>";
		};
		D511729C2450A3650074DBAB /* Model */ = {
			isa = PBXGroup;
			children = (
			);
			path = Model;
			sourceTree = "<group>";
		};
		D511729D2450A38F0074DBAB /* Controller */ = {
			isa = PBXGroup;
			children = (
				D511728324509D220074DBAB /* ViewController.swift */,
			);
			path = Controller;
			sourceTree = "<group>";
		};
		D511729E2450A3A80074DBAB /* Supporting Files */ = {
			isa = PBXGroup;
			children = (
			);
			path = "Supporting Files";
			sourceTree = "<group>";
		};
/* End PBXGroup section */

/* Begin PBXNativeTarget section */
		D511727B24509D220074DBAB /* Instagrid-version8 */ = {
			isa = PBXNativeTarget;
			buildConfigurationList = D511729024509D220074DBAB /* Build configuration list for PBXNativeTarget "Instagrid-version8" */;
			buildPhases = (
				D511727824509D220074DBAB /* Sources */,
				D511727924509D220074DBAB /* Frameworks */,
				D511727A24509D220074DBAB /* Resources */,
			);
			buildRules = (
			);
			dependencies = (
			);
			name = "Instagrid-version8";
			productName = "Instagrid-version8";
			productReference = D511727C24509D220074DBAB /* Instagrid-version8.app */;
			productType = "com.apple.product-type.application";
		};
/* End PBXNativeTarget section */

/* Begin PBXProject section */
		D511727424509D220074DBAB /* Project object */ = {
			isa = PBXProject;
			attributes = {
				LastSwiftUpdateCheck = 1130;
				LastUpgradeCheck = 1130;
				ORGANIZATIONNAME = armellelecerf;
				TargetAttributes = {
					D511727B24509D220074DBAB = {
						CreatedOnToolsVersion = 11.3.1;
					};
				};
			};
			buildConfigurationList = D511727724509D220074DBAB /* Build configuration list for PBXProject "Instagrid-version8" */;
			compatibilityVersion = "Xcode 9.3";
			developmentRegion = en;
			hasScannedForEncodings = 0;
			knownRegions = (
				en,
				Base,
			);
			mainGroup = D511727324509D220074DBAB;
			productRefGroup = D511727D24509D220074DBAB /* Products */;
			projectDirPath = "";
			projectRoot = "";
			targets = (
				D511727B24509D220074DBAB /* Instagrid-version8 */,
			);
		};
/* End PBXProject section */

/* Begin PBXResourcesBuildPhase section */
		D511727A24509D220074DBAB /* Resources */ = {
			isa = PBXResourcesBuildPhase;
			buildActionMask = 2147483647;
			files = (
				D511728C24509D220074DBAB /* LaunchScreen.storyboard in Resources */,
				D511728924509D220074DBAB /* Assets.xcassets in Resources */,
				D511729A24509FB40074DBAB /* ThirstySoftRegular.otf in Resources */,
				D511729924509FB40074DBAB /* Delm-Medium.otf in Resources */,
				D511728724509D220074DBAB /* Main.storyboard in Resources */,
			);
			runOnlyForDeploymentPostprocessing = 0;
		};
/* End PBXResourcesBuildPhase section */

/* Begin PBXSourcesBuildPhase section */
		D511727824509D220074DBAB /* Sources */ = {
			isa = PBXSourcesBuildPhase;
			buildActionMask = 2147483647;
			files = (
				D511728424509D220074DBAB /* ViewController.swift in Sources */,
				D511728024509D220074DBAB /* AppDelegate.swift in Sources */,
				D511728224509D220074DBAB /* SceneDelegate.swift in Sources */,
			);
			runOnlyForDeploymentPostprocessing = 0;
		};
/* End PBXSourcesBuildPhase section */

/* Begin PBXVariantGroup section */
		D511728524509D220074DBAB /* Main.storyboard */ = {
			isa = PBXVariantGroup;
			children = (
				D511728624509D220074DBAB /* Base */,
			);
			name = Main.storyboard;
			sourceTree = "<group>";
		};
		D511728A24509D220074DBAB /* LaunchScreen.storyboard */ = {
			isa = PBXVariantGroup;
			children = (
				D511728B24509D220074DBAB /* Base */,
			);
			name = LaunchScreen.storyboard;
			sourceTree = "<group>";
		};
/* End PBXVariantGroup section */

/* Begin XCBuildConfiguration section */
		D511728E24509D220074DBAB /* Debug */ = {
			isa = XCBuildConfiguration;
			buildSettings = {
				ALWAYS_SEARCH_USER_PATHS = NO;
				CLANG_ANALYZER_NONNULL = YES;
				CLANG_ANALYZER_NUMBER_OBJECT_CONVERSION = YES_AGGRESSIVE;
				CLANG_CXX_LANGUAGE_STANDARD = "gnu++14";
				CLANG_CXX_LIBRARY = "libc++";
				CLANG_ENABLE_MODULES = YES;
				CLANG_ENABLE_OBJC_ARC = YES;
				CLANG_ENABLE_OBJC_WEAK = YES;
				CLANG_WARN_BLOCK_CAPTURE_AUTORELEASING = YES;
				CLANG_WARN_BOOL_CONVERSION = YES;
				CLANG_WARN_COMMA = YES;
				CLANG_WARN_CONSTANT_CONVERSION = YES;
				CLANG_WARN_DEPRECATED_OBJC_IMPLEMENTATIONS = YES;
				CLANG_WARN_DIRECT_OBJC_ISA_USAGE = YES_ERROR;
				CLANG_WARN_DOCUMENTATION_COMMENTS = YES;
				CLANG_WARN_EMPTY_BODY = YES;
				CLANG_WARN_ENUM_CONVERSION = YES;
				CLANG_WARN_INFINITE_RECURSION = YES;
				CLANG_WARN_INT_CONVERSION = YES;
				CLANG_WARN_NON_LITERAL_NULL_CONVERSION = YES;
				CLANG_WARN_OBJC_IMPLICIT_RETAIN_SELF = YES;
				CLANG_WARN_OBJC_LITERAL_CONVERSION = YES;
				CLANG_WARN_OBJC_ROOT_CLASS = YES_ERROR;
				CLANG_WARN_RANGE_LOOP_ANALYSIS = YES;
				CLANG_WARN_STRICT_PROTOTYPES = YES;
				CLANG_WARN_SUSPICIOUS_MOVE = YES;
				CLANG_WARN_UNGUARDED_AVAILABILITY = YES_AGGRESSIVE;
				CLANG_WARN_UNREACHABLE_CODE = YES;
				CLANG_WARN__DUPLICATE_METHOD_MATCH = YES;
				COPY_PHASE_STRIP = NO;
				DEBUG_INFORMATION_FORMAT = dwarf;
				ENABLE_STRICT_OBJC_MSGSEND = YES;
				ENABLE_TESTABILITY = YES;
				GCC_C_LANGUAGE_STANDARD = gnu11;
				GCC_DYNAMIC_NO_PIC = NO;
				GCC_NO_COMMON_BLOCKS = YES;
				GCC_OPTIMIZATION_LEVEL = 0;
				GCC_PREPROCESSOR_DEFINITIONS = (
					"DEBUG=1",
					"$(inherited)",
				);
				GCC_WARN_64_TO_32_BIT_CONVERSION = YES;
				GCC_WARN_ABOUT_RETURN_TYPE = YES_ERROR;
				GCC_WARN_UNDECLARED_SELECTOR = YES;
				GCC_WARN_UNINITIALIZED_AUTOS = YES_AGGRESSIVE;
				GCC_WARN_UNUSED_FUNCTION = YES;
				GCC_WARN_UNUSED_VARIABLE = YES;
				IPHONEOS_DEPLOYMENT_TARGET = 13.2;
				MTL_ENABLE_DEBUG_INFO = INCLUDE_SOURCE;
				MTL_FAST_MATH = YES;
				ONLY_ACTIVE_ARCH = YES;
				SDKROOT = iphoneos;
				SWIFT_ACTIVE_COMPILATION_CONDITIONS = DEBUG;
				SWIFT_OPTIMIZATION_LEVEL = "-Onone";
			};
			name = Debug;
		};
		D511728F24509D220074DBAB /* Release */ = {
			isa = XCBuildConfiguration;
			buildSettings = {
				ALWAYS_SEARCH_USER_PATHS = NO;
				CLANG_ANALYZER_NONNULL = YES;
				CLANG_ANALYZER_NUMBER_OBJECT_CONVERSION = YES_AGGRESSIVE;
				CLANG_CXX_LANGUAGE_STANDARD = "gnu++14";
				CLANG_CXX_LIBRARY = "libc++";
				CLANG_ENABLE_MODULES = YES;
				CLANG_ENABLE_OBJC_ARC = YES;
				CLANG_ENABLE_OBJC_WEAK = YES;
				CLANG_WARN_BLOCK_CAPTURE_AUTORELEASING = YES;
				CLANG_WARN_BOOL_CONVERSION = YES;
				CLANG_WARN_COMMA = YES;
				CLANG_WARN_CONSTANT_CONVERSION = YES;
				CLANG_WARN_DEPRECATED_OBJC_IMPLEMENTATIONS = YES;
				CLANG_WARN_DIRECT_OBJC_ISA_USAGE = YES_ERROR;
				CLANG_WARN_DOCUMENTATION_COMMENTS = YES;
				CLANG_WARN_EMPTY_BODY = YES;
				CLANG_WARN_ENUM_CONVERSION = YES;
				CLANG_WARN_INFINITE_RECURSION = YES;
				CLANG_WARN_INT_CONVERSION = YES;
				CLANG_WARN_NON_LITERAL_NULL_CONVERSION = YES;
				CLANG_WARN_OBJC_IMPLICIT_RETAIN_SELF = YES;
				CLANG_WARN_OBJC_LITERAL_CONVERSION = YES;
				CLANG_WARN_OBJC_ROOT_CLASS = YES_ERROR;
				CLANG_WARN_RANGE_LOOP_ANALYSIS = YES;
				CLANG_WARN_STRICT_PROTOTYPES = YES;
				CLANG_WARN_SUSPICIOUS_MOVE = YES;
				CLANG_WARN_UNGUARDED_AVAILABILITY = YES_AGGRESSIVE;
				CLANG_WARN_UNREACHABLE_CODE = YES;
				CLANG_WARN__DUPLICATE_METHOD_MATCH = YES;
				COPY_PHASE_STRIP = NO;
				DEBUG_INFORMATION_FORMAT = "dwarf-with-dsym";
				ENABLE_NS_ASSERTIONS = NO;
				ENABLE_STRICT_OBJC_MSGSEND = YES;
				GCC_C_LANGUAGE_STANDARD = gnu11;
				GCC_NO_COMMON_BLOCKS = YES;
				GCC_WARN_64_TO_32_BIT_CONVERSION = YES;
				GCC_WARN_ABOUT_RETURN_TYPE = YES_ERROR;
				GCC_WARN_UNDECLARED_SELECTOR = YES;
				GCC_WARN_UNINITIALIZED_AUTOS = YES_AGGRESSIVE;
				GCC_WARN_UNUSED_FUNCTION = YES;
				GCC_WARN_UNUSED_VARIABLE = YES;
				IPHONEOS_DEPLOYMENT_TARGET = 13.2;
				MTL_ENABLE_DEBUG_INFO = NO;
				MTL_FAST_MATH = YES;
				SDKROOT = iphoneos;
				SWIFT_COMPILATION_MODE = wholemodule;
				SWIFT_OPTIMIZATION_LEVEL = "-O";
				VALIDATE_PRODUCT = YES;
			};
			name = Release;
		};
		D511729124509D220074DBAB /* Debug */ = {
			isa = XCBuildConfiguration;
			buildSettings = {
				ASSETCATALOG_COMPILER_APPICON_NAME = AppIcon;
				CODE_SIGN_STYLE = Automatic;
				INFOPLIST_FILE = "Instagrid-version8/Info.plist";
				LD_RUNPATH_SEARCH_PATHS = (
					"$(inherited)",
					"@executable_path/Frameworks",
				);
				PRODUCT_BUNDLE_IDENTIFIER = "com.armellelecerf.Instagrid-version8";
				PRODUCT_NAME = "$(TARGET_NAME)";
				SWIFT_VERSION = 5.0;
				TARGETED_DEVICE_FAMILY = "1,2";
			};
			name = Debug;
		};
		D511729224509D220074DBAB /* Release */ = {
			isa = XCBuildConfiguration;
			buildSettings = {
				ASSETCATALOG_COMPILER_APPICON_NAME = AppIcon;
				CODE_SIGN_STYLE = Automatic;
				INFOPLIST_FILE = "Instagrid-version8/Info.plist";
				LD_RUNPATH_SEARCH_PATHS = (
					"$(inherited)",
					"@executable_path/Frameworks",
				);
				PRODUCT_BUNDLE_IDENTIFIER = "com.armellelecerf.Instagrid-version8";
				PRODUCT_NAME = "$(TARGET_NAME)";
				SWIFT_VERSION = 5.0;
				TARGETED_DEVICE_FAMILY = "1,2";
			};
			name = Release;
		};
/* End XCBuildConfiguration section */

/* Begin XCConfigurationList section */
		D511727724509D220074DBAB /* Build configuration list for PBXProject "Instagrid-version8" */ = {
			isa = XCConfigurationList;
			buildConfigurations = (
				D511728E24509D220074DBAB /* Debug */,
				D511728F24509D220074DBAB /* Release */,
			);
			defaultConfigurationIsVisible = 0;
			defaultConfigurationName = Release;
		};
		D511729024509D220074DBAB /* Build configuration list for PBXNativeTarget "Instagrid-version8" */ = {
			isa = XCConfigurationList;
			buildConfigurations = (
				D511729124509D220074DBAB /* Debug */,
				D511729224509D220074DBAB /* Release */,
			);
			defaultConfigurationIsVisible = 0;
			defaultConfigurationName = Release;
		};
/* End XCConfigurationList section */
	};
	rootObject = D511727424509D220074DBAB /* Project object */;
}
